// !$*UTF8*$!
{
	archiveVersion = 1;
	classes = {
	};
	objectVersion = 77;
	objects = {

/* Begin PBXBuildFile section */
		9EE008752DFAB57F00B90540 /* CoreDataModel.xcdatamodeld in Sources */ = {isa = PBXBuildFile; fileRef = 9EE0086E2DFAB57F00B90540 /* CoreDataModel.xcdatamodeld */; };
		9EE008762DFAB57F00B90540 /* GroceryAppApp.swift in Sources */ = {isa = PBXBuildFile; fileRef = 9EE0086F2DFAB57F00B90540 /* GroceryAppApp.swift */; };
		9EE008772DFAB57F00B90540 /* SignupScreen.swift in Sources */ = {isa = PBXBuildFile; fileRef = 9EE008702DFAB57F00B90540 /* SignupScreen.swift */; };
		9EE0087B2DFAB9A200B90540 /* AuthViewModel.swift in Sources */ = {isa = PBXBuildFile; fileRef = 9EE0087A2DFAB9A200B90540 /* AuthViewModel.swift */; };
		9EE0087D2DFABA9E00B90540 /* CoreDataManager.swift in Sources */ = {isa = PBXBuildFile; fileRef = 9EE0087C2DFABA9E00B90540 /* CoreDataManager.swift */; };
		9EE0087F2DFAC2CC00B90540 /* LoginScreen.swift in Sources */ = {isa = PBXBuildFile; fileRef = 9EE0087E2DFAC2CC00B90540 /* LoginScreen.swift */; };
		9EE008812DFAC2D600B90540 /* HomeScreen.swift in Sources */ = {isa = PBXBuildFile; fileRef = 9EE008802DFAC2D600B90540 /* HomeScreen.swift */; };
		9EE008832DFAC38000B90540 /* SectionView.swift in Sources */ = {isa = PBXBuildFile; fileRef = 9EE008822DFAC38000B90540 /* SectionView.swift */; };
		9EE008852DFAEF5300B90540 /* ProductDetailView.swift in Sources */ = {isa = PBXBuildFile; fileRef = 9EE008842DFAEF5300B90540 /* ProductDetailView.swift */; };
		9EE008872DFAF0D700B90540 /* TabBarView.swift in Sources */ = {isa = PBXBuildFile; fileRef = 9EE008862DFAF0D700B90540 /* TabBarView.swift */; };
		9EE008892DFAFFD100B90540 /* AddToCartView.swift in Sources */ = {isa = PBXBuildFile; fileRef = 9EE008882DFAFFD100B90540 /* AddToCartView.swift */; };
		9EE0088B2DFB1A1D00B90540 /* CartViewModel.swift in Sources */ = {isa = PBXBuildFile; fileRef = 9EE0088A2DFB1A1D00B90540 /* CartViewModel.swift */; };
		9EE0088D2DFB1C2200B90540 /* CartView.swift in Sources */ = {isa = PBXBuildFile; fileRef = 9EE0088C2DFB1C2200B90540 /* CartView.swift */; };
		9EE008A52DFB343F00B90540 /* ViewAllItems.swift in Sources */ = {isa = PBXBuildFile; fileRef = 9EE008A42DFB343F00B90540 /* ViewAllItems.swift */; };
		9EE008C52DFC0E6F00B90540 /* ProfileView.swift in Sources */ = {isa = PBXBuildFile; fileRef = 9EE008C42DFC0E6F00B90540 /* ProfileView.swift */; };
		9EE008C92DFC43D600B90540 /* CustomTextField.swift in Sources */ = {isa = PBXBuildFile; fileRef = 9EE008C82DFC43D600B90540 /* CustomTextField.swift */; };
/* End PBXBuildFile section */

/* Begin PBXContainerItemProxy section */
		9EE008422DFAAF5800B90540 /* PBXContainerItemProxy */ = {
			isa = PBXContainerItemProxy;
			containerPortal = 9EE0082C2DFAAF5600B90540 /* Project object */;
			proxyType = 1;
			remoteGlobalIDString = 9EE008332DFAAF5600B90540;
			remoteInfo = GroceryApp;
		};
		9EE0084C2DFAAF5800B90540 /* PBXContainerItemProxy */ = {
			isa = PBXContainerItemProxy;
			containerPortal = 9EE0082C2DFAAF5600B90540 /* Project object */;
			proxyType = 1;
			remoteGlobalIDString = 9EE008332DFAAF5600B90540;
			remoteInfo = GroceryApp;
		};
/* End PBXContainerItemProxy section */

/* Begin PBXFileReference section */
		9EE008342DFAAF5600B90540 /* GroceryApp.app */ = {isa = PBXFileReference; explicitFileType = wrapper.application; includeInIndex = 0; path = GroceryApp.app; sourceTree = BUILT_PRODUCTS_DIR; };
		9EE008412DFAAF5800B90540 /* GroceryAppTests.xctest */ = {isa = PBXFileReference; explicitFileType = wrapper.cfbundle; includeInIndex = 0; path = GroceryAppTests.xctest; sourceTree = BUILT_PRODUCTS_DIR; };
		9EE0084B2DFAAF5800B90540 /* GroceryAppUITests.xctest */ = {isa = PBXFileReference; explicitFileType = wrapper.cfbundle; includeInIndex = 0; path = GroceryAppUITests.xctest; sourceTree = BUILT_PRODUCTS_DIR; };
		9EE0086F2DFAB57F00B90540 /* GroceryAppApp.swift */ = {isa = PBXFileReference; lastKnownFileType = sourcecode.swift; path = GroceryAppApp.swift; sourceTree = "<group>"; };
		9EE008702DFAB57F00B90540 /* SignupScreen.swift */ = {isa = PBXFileReference; lastKnownFileType = sourcecode.swift; path = SignupScreen.swift; sourceTree = "<group>"; };
		9EE008722DFAB57F00B90540 /* CoreDataModel.xcdatamodel */ = {isa = PBXFileReference; lastKnownFileType = wrapper.xcdatamodel; path = CoreDataModel.xcdatamodel; sourceTree = "<group>"; };
		9EE0087A2DFAB9A200B90540 /* AuthViewModel.swift */ = {isa = PBXFileReference; lastKnownFileType = sourcecode.swift; path = AuthViewModel.swift; sourceTree = "<group>"; };
		9EE0087C2DFABA9E00B90540 /* CoreDataManager.swift */ = {isa = PBXFileReference; lastKnownFileType = sourcecode.swift; path = CoreDataManager.swift; sourceTree = "<group>"; };
		9EE0087E2DFAC2CC00B90540 /* LoginScreen.swift */ = {isa = PBXFileReference; lastKnownFileType = sourcecode.swift; path = LoginScreen.swift; sourceTree = "<group>"; };
		9EE008802DFAC2D600B90540 /* HomeScreen.swift */ = {isa = PBXFileReference; lastKnownFileType = sourcecode.swift; path = HomeScreen.swift; sourceTree = "<group>"; };
		9EE008822DFAC38000B90540 /* SectionView.swift */ = {isa = PBXFileReference; lastKnownFileType = sourcecode.swift; path = SectionView.swift; sourceTree = "<group>"; };
		9EE008842DFAEF5300B90540 /* ProductDetailView.swift */ = {isa = PBXFileReference; lastKnownFileType = sourcecode.swift; path = ProductDetailView.swift; sourceTree = "<group>"; };
		9EE008862DFAF0D700B90540 /* TabBarView.swift */ = {isa = PBXFileReference; lastKnownFileType = sourcecode.swift; path = TabBarView.swift; sourceTree = "<group>"; };
		9EE008882DFAFFD100B90540 /* AddToCartView.swift */ = {isa = PBXFileReference; lastKnownFileType = sourcecode.swift; path = AddToCartView.swift; sourceTree = "<group>"; };
		9EE0088A2DFB1A1D00B90540 /* CartViewModel.swift */ = {isa = PBXFileReference; lastKnownFileType = sourcecode.swift; path = CartViewModel.swift; sourceTree = "<group>"; };
		9EE0088C2DFB1C2200B90540 /* CartView.swift */ = {isa = PBXFileReference; lastKnownFileType = sourcecode.swift; path = CartView.swift; sourceTree = "<group>"; };
		9EE008A42DFB343F00B90540 /* ViewAllItems.swift */ = {isa = PBXFileReference; lastKnownFileType = sourcecode.swift; path = ViewAllItems.swift; sourceTree = "<group>"; };
		9EE008C42DFC0E6F00B90540 /* ProfileView.swift */ = {isa = PBXFileReference; lastKnownFileType = sourcecode.swift; path = ProfileView.swift; sourceTree = "<group>"; };
		9EE008C82DFC43D600B90540 /* CustomTextField.swift */ = {isa = PBXFileReference; lastKnownFileType = sourcecode.swift; path = CustomTextField.swift; sourceTree = "<group>"; };
/* End PBXFileReference section */

/* Begin PBXFileSystemSynchronizedBuildFileExceptionSet section */
		9EE008782DFAB58A00B90540 /* Exceptions for "GroceryAppUITests" folder in "GroceryApp" target */ = {
			isa = PBXFileSystemSynchronizedBuildFileExceptionSet;
			membershipExceptions = (
				Assets.xcassets,
			);
			target = 9EE008332DFAAF5600B90540 /* GroceryApp */;
		};
		9EE008792DFAB58A00B90540 /* Exceptions for "GroceryAppUITests" folder in "GroceryAppUITests" target */ = {
			isa = PBXFileSystemSynchronizedBuildFileExceptionSet;
			membershipExceptions = (
				Assets.xcassets,
			);
			target = 9EE0084A2DFAAF5800B90540 /* GroceryAppUITests */;
		};
/* End PBXFileSystemSynchronizedBuildFileExceptionSet section */

/* Begin PBXFileSystemSynchronizedRootGroup section */
		9EE008442DFAAF5800B90540 /* GroceryAppTests */ = {
			isa = PBXFileSystemSynchronizedRootGroup;
			path = GroceryAppTests;
			sourceTree = "<group>";
		};
		9EE0084E2DFAAF5800B90540 /* GroceryAppUITests */ = {
			isa = PBXFileSystemSynchronizedRootGroup;
			exceptions = (
				9EE008782DFAB58A00B90540 /* Exceptions for "GroceryAppUITests" folder in "GroceryApp" target */,
				9EE008792DFAB58A00B90540 /* Exceptions for "GroceryAppUITests" folder in "GroceryAppUITests" target */,
			);
			path = GroceryAppUITests;
			sourceTree = "<group>";
		};
/* End PBXFileSystemSynchronizedRootGroup section */

/* Begin PBXFrameworksBuildPhase section */
		9EE008312DFAAF5600B90540 /* Frameworks */ = {
			isa = PBXFrameworksBuildPhase;
			buildActionMask = 2147483647;
			files = (
			);
			runOnlyForDeploymentPostprocessing = 0;
		};
		9EE0083E2DFAAF5800B90540 /* Frameworks */ = {
			isa = PBXFrameworksBuildPhase;
			buildActionMask = 2147483647;
			files = (
			);
			runOnlyForDeploymentPostprocessing = 0;
		};
		9EE008482DFAAF5800B90540 /* Frameworks */ = {
			isa = PBXFrameworksBuildPhase;
			buildActionMask = 2147483647;
			files = (
			);
			runOnlyForDeploymentPostprocessing = 0;
		};
/* End PBXFrameworksBuildPhase section */

/* Begin PBXGroup section */
		9EE0082B2DFAAF5600B90540 = {
			isa = PBXGroup;
			children = (
				9EE008712DFAB57F00B90540 /* GroceryApp */,
				9EE008442DFAAF5800B90540 /* GroceryAppTests */,
				9EE0084E2DFAAF5800B90540 /* GroceryAppUITests */,
				9EE008352DFAAF5600B90540 /* Products */,
			);
			sourceTree = "<group>";
		};
		9EE008352DFAAF5600B90540 /* Products */ = {
			isa = PBXGroup;
			children = (
				9EE008342DFAAF5600B90540 /* GroceryApp.app */,
				9EE008412DFAAF5800B90540 /* GroceryAppTests.xctest */,
				9EE0084B2DFAAF5800B90540 /* GroceryAppUITests.xctest */,
			);
			name = Products;
			sourceTree = "<group>";
		};
		9EE008712DFAB57F00B90540 /* GroceryApp */ = {
			isa = PBXGroup;
			children = (
				9EE0086F2DFAB57F00B90540 /* GroceryAppApp.swift */,
				9EE008AC2DFBF13900B90540 /* TabView */,
				9EE008A72DFBF02900B90540 /* LoginView */,
				9EE008A62DFBF00A00B90540 /* SignUpView */,
				9EE008A82DFBF04D00B90540 /* HomeView */,
				9EE008B02DFBF18A00B90540 /* CartVM */,
				9EE008AE2DFBF16200B90540 /* CartItems */,
				9EE008AD2DFBF14E00B90540 /* AddToCart */,
				9EE008C62DFC115A00B90540 /* Coredata */,
			);
			path = GroceryApp;
			sourceTree = "<group>";
		};
		9EE008A62DFBF00A00B90540 /* SignUpView */ = {
			isa = PBXGroup;
			children = (
				9EE008702DFAB57F00B90540 /* SignupScreen.swift */,
			);
			path = SignUpView;
			sourceTree = "<group>";
		};
		9EE008A72DFBF02900B90540 /* LoginView */ = {
			isa = PBXGroup;
			children = (
				9EE0087E2DFAC2CC00B90540 /* LoginScreen.swift */,
				9EE008C82DFC43D600B90540 /* CustomTextField.swift */,
			);
			path = LoginView;
			sourceTree = "<group>";
		};
		9EE008A82DFBF04D00B90540 /* HomeView */ = {
			isa = PBXGroup;
			children = (
				9EE008802DFAC2D600B90540 /* HomeScreen.swift */,
				9EE008A92DFBF06E00B90540 /* Section */,
				9EE008AA2DFBF10700B90540 /* ProductDetail */,
			);
			path = HomeView;
			sourceTree = "<group>";
		};
		9EE008A92DFBF06E00B90540 /* Section */ = {
			isa = PBXGroup;
			children = (
				9EE008822DFAC38000B90540 /* SectionView.swift */,
			);
			path = Section;
			sourceTree = "<group>";
		};
		9EE008AA2DFBF10700B90540 /* ProductDetail */ = {
			isa = PBXGroup;
			children = (
				9EE008842DFAEF5300B90540 /* ProductDetailView.swift */,
			);
			path = ProductDetail;
			sourceTree = "<group>";
		};
		9EE008AB2DFBF11E00B90540 /* AuthView */ = {
			isa = PBXGroup;
			children = (
				9EE0087A2DFAB9A200B90540 /* AuthViewModel.swift */,
			);
			path = AuthView;
			sourceTree = "<group>";
		};
		9EE008AC2DFBF13900B90540 /* TabView */ = {
			isa = PBXGroup;
			children = (
				9EE008862DFAF0D700B90540 /* TabBarView.swift */,
			);
			path = TabView;
			sourceTree = "<group>";
		};
		9EE008AD2DFBF14E00B90540 /* AddToCart */ = {
			isa = PBXGroup;
			children = (
				9EE008882DFAFFD100B90540 /* AddToCartView.swift */,
				9EE008C72DFC138D00B90540 /* ProfileScreen */,
			);
			path = AddToCart;
			sourceTree = "<group>";
		};
		9EE008AE2DFBF16200B90540 /* CartItems */ = {
			isa = PBXGroup;
			children = (
				9EE0088C2DFB1C2200B90540 /* CartView.swift */,
			);
			path = CartItems;
			sourceTree = "<group>";
		};
		9EE008AF2DFBF17500B90540 /* ViewAll */ = {
			isa = PBXGroup;
			children = (
				9EE008A42DFB343F00B90540 /* ViewAllItems.swift */,
			);
			path = ViewAll;
			sourceTree = "<group>";
		};
		9EE008B02DFBF18A00B90540 /* CartVM */ = {
			isa = PBXGroup;
			children = (
				9EE0088A2DFB1A1D00B90540 /* CartViewModel.swift */,
				9EE008AF2DFBF17500B90540 /* ViewAll */,
			);
			path = CartVM;
			sourceTree = "<group>";
		};
		9EE008C62DFC115A00B90540 /* Coredata */ = {
			isa = PBXGroup;
			children = (
				9EE0087C2DFABA9E00B90540 /* CoreDataManager.swift */,
				9EE0086E2DFAB57F00B90540 /* CoreDataModel.xcdatamodeld */,
				9EE008AB2DFBF11E00B90540 /* AuthView */,
			);
			path = Coredata;
			sourceTree = "<group>";
		};
		9EE008C72DFC138D00B90540 /* ProfileScreen */ = {
			isa = PBXGroup;
			children = (
				9EE008C42DFC0E6F00B90540 /* ProfileView.swift */,
			);
			path = ProfileScreen;
			sourceTree = "<group>";
		};
/* End PBXGroup section */

/* Begin PBXNativeTarget section */
		9EE008332DFAAF5600B90540 /* GroceryApp */ = {
			isa = PBXNativeTarget;
			buildConfigurationList = 9EE008552DFAAF5800B90540 /* Build configuration list for PBXNativeTarget "GroceryApp" */;
			buildPhases = (
				9EE008302DFAAF5600B90540 /* Sources */,
				9EE008312DFAAF5600B90540 /* Frameworks */,
				9EE008322DFAAF5600B90540 /* Resources */,
			);
			buildRules = (
			);
			dependencies = (
			);
			name = GroceryApp;
			packageProductDependencies = (
			);
			productName = GroceryApp;
			productReference = 9EE008342DFAAF5600B90540 /* GroceryApp.app */;
			productType = "com.apple.product-type.application";
		};
		9EE008402DFAAF5800B90540 /* GroceryAppTests */ = {
			isa = PBXNativeTarget;
			buildConfigurationList = 9EE008582DFAAF5800B90540 /* Build configuration list for PBXNativeTarget "GroceryAppTests" */;
			buildPhases = (
				9EE0083D2DFAAF5800B90540 /* Sources */,
				9EE0083E2DFAAF5800B90540 /* Frameworks */,
				9EE0083F2DFAAF5800B90540 /* Resources */,
			);
			buildRules = (
			);
			dependencies = (
				9EE008432DFAAF5800B90540 /* PBXTargetDependency */,
			);
			fileSystemSynchronizedGroups = (
				9EE008442DFAAF5800B90540 /* GroceryAppTests */,
			);
			name = GroceryAppTests;
			packageProductDependencies = (
			);
			productName = GroceryAppTests;
			productReference = 9EE008412DFAAF5800B90540 /* GroceryAppTests.xctest */;
			productType = "com.apple.product-type.bundle.unit-test";
		};
		9EE0084A2DFAAF5800B90540 /* GroceryAppUITests */ = {
			isa = PBXNativeTarget;
			buildConfigurationList = 9EE0085B2DFAAF5800B90540 /* Build configuration list for PBXNativeTarget "GroceryAppUITests" */;
			buildPhases = (
				9EE008472DFAAF5800B90540 /* Sources */,
				9EE008482DFAAF5800B90540 /* Frameworks */,
				9EE008492DFAAF5800B90540 /* Resources */,
			);
			buildRules = (
			);
			dependencies = (
				9EE0084D2DFAAF5800B90540 /* PBXTargetDependency */,
			);
			fileSystemSynchronizedGroups = (
				9EE0084E2DFAAF5800B90540 /* GroceryAppUITests */,
			);
			name = GroceryAppUITests;
			packageProductDependencies = (
			);
			productName = GroceryAppUITests;
			productReference = 9EE0084B2DFAAF5800B90540 /* GroceryAppUITests.xctest */;
			productType = "com.apple.product-type.bundle.ui-testing";
		};
/* End PBXNativeTarget section */

/* Begin PBXProject section */
		9EE0082C2DFAAF5600B90540 /* Project object */ = {
			isa = PBXProject;
			attributes = {
				BuildIndependentTargetsInParallel = 1;
				LastSwiftUpdateCheck = 1640;
				LastUpgradeCheck = 1640;
				TargetAttributes = {
					9EE008332DFAAF5600B90540 = {
						CreatedOnToolsVersion = 16.4;
					};
					9EE008402DFAAF5800B90540 = {
						CreatedOnToolsVersion = 16.4;
						TestTargetID = 9EE008332DFAAF5600B90540;
					};
					9EE0084A2DFAAF5800B90540 = {
						CreatedOnToolsVersion = 16.4;
						TestTargetID = 9EE008332DFAAF5600B90540;
					};
				};
			};
			buildConfigurationList = 9EE0082F2DFAAF5600B90540 /* Build configuration list for PBXProject "GroceryApp" */;
			developmentRegion = en;
			hasScannedForEncodings = 0;
			knownRegions = (
				en,
				Base,
			);
			mainGroup = 9EE0082B2DFAAF5600B90540;
			minimizedProjectReferenceProxies = 1;
			preferredProjectObjectVersion = 77;
			productRefGroup = 9EE008352DFAAF5600B90540 /* Products */;
			projectDirPath = "";
			projectRoot = "";
			targets = (
				9EE008332DFAAF5600B90540 /* GroceryApp */,
				9EE008402DFAAF5800B90540 /* GroceryAppTests */,
				9EE0084A2DFAAF5800B90540 /* GroceryAppUITests */,
			);
		};
/* End PBXProject section */

/* Begin PBXResourcesBuildPhase section */
		9EE008322DFAAF5600B90540 /* Resources */ = {
			isa = PBXResourcesBuildPhase;
			buildActionMask = 2147483647;
			files = (
			);
			runOnlyForDeploymentPostprocessing = 0;
		};
		9EE0083F2DFAAF5800B90540 /* Resources */ = {
			isa = PBXResourcesBuildPhase;
			buildActionMask = 2147483647;
			files = (
			);
			runOnlyForDeploymentPostprocessing = 0;
		};
		9EE008492DFAAF5800B90540 /* Resources */ = {
			isa = PBXResourcesBuildPhase;
			buildActionMask = 2147483647;
			files = (
			);
			runOnlyForDeploymentPostprocessing = 0;
		};
/* End PBXResourcesBuildPhase section */

/* Begin PBXSourcesBuildPhase section */
		9EE008302DFAAF5600B90540 /* Sources */ = {
			isa = PBXSourcesBuildPhase;
			buildActionMask = 2147483647;
			files = (
				9EE0087D2DFABA9E00B90540 /* CoreDataManager.swift in Sources */,
				9EE008872DFAF0D700B90540 /* TabBarView.swift in Sources */,
				9EE008852DFAEF5300B90540 /* ProductDetailView.swift in Sources */,
				9EE0088B2DFB1A1D00B90540 /* CartViewModel.swift in Sources */,
				9EE008C92DFC43D600B90540 /* CustomTextField.swift in Sources */,
				9EE008A52DFB343F00B90540 /* ViewAllItems.swift in Sources */,
				9EE0087B2DFAB9A200B90540 /* AuthViewModel.swift in Sources */,
				9EE008832DFAC38000B90540 /* SectionView.swift in Sources */,
				9EE008C52DFC0E6F00B90540 /* ProfileView.swift in Sources */,
				9EE008752DFAB57F00B90540 /* CoreDataModel.xcdatamodeld in Sources */,
				9EE0088D2DFB1C2200B90540 /* CartView.swift in Sources */,
				9EE008812DFAC2D600B90540 /* HomeScreen.swift in Sources */,
				9EE0087F2DFAC2CC00B90540 /* LoginScreen.swift in Sources */,
				9EE008762DFAB57F00B90540 /* GroceryAppApp.swift in Sources */,
				9EE008772DFAB57F00B90540 /* SignupScreen.swift in Sources */,
				9EE008892DFAFFD100B90540 /* AddToCartView.swift in Sources */,
			);
			runOnlyForDeploymentPostprocessing = 0;
		};
		9EE0083D2DFAAF5800B90540 /* Sources */ = {
			isa = PBXSourcesBuildPhase;
			buildActionMask = 2147483647;
			files = (
			);
			runOnlyForDeploymentPostprocessing = 0;
		};
		9EE008472DFAAF5800B90540 /* Sources */ = {
			isa = PBXSourcesBuildPhase;
			buildActionMask = 2147483647;
			files = (
			);
			runOnlyForDeploymentPostprocessing = 0;
		};
/* End PBXSourcesBuildPhase section */

/* Begin PBXTargetDependency section */
		9EE008432DFAAF5800B90540 /* PBXTargetDependency */ = {
			isa = PBXTargetDependency;
			target = 9EE008332DFAAF5600B90540 /* GroceryApp */;
			targetProxy = 9EE008422DFAAF5800B90540 /* PBXContainerItemProxy */;
		};
		9EE0084D2DFAAF5800B90540 /* PBXTargetDependency */ = {
			isa = PBXTargetDependency;
			target = 9EE008332DFAAF5600B90540 /* GroceryApp */;
			targetProxy = 9EE0084C2DFAAF5800B90540 /* PBXContainerItemProxy */;
		};
/* End PBXTargetDependency section */

/* Begin XCBuildConfiguration section */
		9EE008532DFAAF5800B90540 /* Debug */ = {
			isa = XCBuildConfiguration;
			buildSettings = {
				ALWAYS_SEARCH_USER_PATHS = NO;
				ASSETCATALOG_COMPILER_GENERATE_SWIFT_ASSET_SYMBOL_EXTENSIONS = YES;
				CLANG_ANALYZER_NONNULL = YES;
				CLANG_ANALYZER_NUMBER_OBJECT_CONVERSION = YES_AGGRESSIVE;
				CLANG_CXX_LANGUAGE_STANDARD = "gnu++20";
				CLANG_ENABLE_MODULES = YES;
				CLANG_ENABLE_OBJC_ARC = YES;
				CLANG_ENABLE_OBJC_WEAK = YES;
				CLANG_WARN_BLOCK_CAPTURE_AUTORELEASING = YES;
				CLANG_WARN_BOOL_CONVERSION = YES;
				CLANG_WARN_COMMA = YES;
				CLANG_WARN_CONSTANT_CONVERSION = YES;
				CLANG_WARN_DEPRECATED_OBJC_IMPLEMENTATIONS = YES;
				CLANG_WARN_DIRECT_OBJC_ISA_USAGE = YES_ERROR;
				CLANG_WARN_DOCUMENTATION_COMMENTS = YES;
				CLANG_WARN_EMPTY_BODY = YES;
				CLANG_WARN_ENUM_CONVERSION = YES;
				CLANG_WARN_INFINITE_RECURSION = YES;
				CLANG_WARN_INT_CONVERSION = YES;
				CLANG_WARN_NON_LITERAL_NULL_CONVERSION = YES;
				CLANG_WARN_OBJC_IMPLICIT_RETAIN_SELF = YES;
				CLANG_WARN_OBJC_LITERAL_CONVERSION = YES;
				CLANG_WARN_OBJC_ROOT_CLASS = YES_ERROR;
				CLANG_WARN_QUOTED_INCLUDE_IN_FRAMEWORK_HEADER = YES;
				CLANG_WARN_RANGE_LOOP_ANALYSIS = YES;
				CLANG_WARN_STRICT_PROTOTYPES = YES;
				CLANG_WARN_SUSPICIOUS_MOVE = YES;
				CLANG_WARN_UNGUARDED_AVAILABILITY = YES_AGGRESSIVE;
				CLANG_WARN_UNREACHABLE_CODE = YES;
				CLANG_WARN__DUPLICATE_METHOD_MATCH = YES;
				COPY_PHASE_STRIP = NO;
				DEBUG_INFORMATION_FORMAT = dwarf;
				DEVELOPMENT_TEAM = H2C4R2VE3A;
				ENABLE_STRICT_OBJC_MSGSEND = YES;
				ENABLE_TESTABILITY = YES;
				ENABLE_USER_SCRIPT_SANDBOXING = YES;
				GCC_C_LANGUAGE_STANDARD = gnu17;
				GCC_DYNAMIC_NO_PIC = NO;
				GCC_NO_COMMON_BLOCKS = YES;
				GCC_OPTIMIZATION_LEVEL = 0;
				GCC_PREPROCESSOR_DEFINITIONS = (
					"DEBUG=1",
					"$(inherited)",
				);
				GCC_WARN_64_TO_32_BIT_CONVERSION = YES;
				GCC_WARN_ABOUT_RETURN_TYPE = YES_ERROR;
				GCC_WARN_UNDECLARED_SELECTOR = YES;
				GCC_WARN_UNINITIALIZED_AUTOS = YES_AGGRESSIVE;
				GCC_WARN_UNUSED_FUNCTION = YES;
				GCC_WARN_UNUSED_VARIABLE = YES;
				IPHONEOS_DEPLOYMENT_TARGET = 18.5;
				LOCALIZATION_PREFERS_STRING_CATALOGS = YES;
				MTL_ENABLE_DEBUG_INFO = INCLUDE_SOURCE;
				MTL_FAST_MATH = YES;
				ONLY_ACTIVE_ARCH = YES;
				SDKROOT = iphoneos;
				SWIFT_ACTIVE_COMPILATION_CONDITIONS = "DEBUG $(inherited)";
				SWIFT_OPTIMIZATION_LEVEL = "-Onone";
			};
			name = Debug;
		};
		9EE008542DFAAF5800B90540 /* Release */ = {
			isa = XCBuildConfiguration;
			buildSettings = {
				ALWAYS_SEARCH_USER_PATHS = NO;
				ASSETCATALOG_COMPILER_GENERATE_SWIFT_ASSET_SYMBOL_EXTENSIONS = YES;
				CLANG_ANALYZER_NONNULL = YES;
				CLANG_ANALYZER_NUMBER_OBJECT_CONVERSION = YES_AGGRESSIVE;
				CLANG_CXX_LANGUAGE_STANDARD = "gnu++20";
				CLANG_ENABLE_MODULES = YES;
				CLANG_ENABLE_OBJC_ARC = YES;
				CLANG_ENABLE_OBJC_WEAK = YES;
				CLANG_WARN_BLOCK_CAPTURE_AUTORELEASING = YES;
				CLANG_WARN_BOOL_CONVERSION = YES;
				CLANG_WARN_COMMA = YES;
				CLANG_WARN_CONSTANT_CONVERSION = YES;
				CLANG_WARN_DEPRECATED_OBJC_IMPLEMENTATIONS = YES;
				CLANG_WARN_DIRECT_OBJC_ISA_USAGE = YES_ERROR;
				CLANG_WARN_DOCUMENTATION_COMMENTS = YES;
				CLANG_WARN_EMPTY_BODY = YES;
				CLANG_WARN_ENUM_CONVERSION = YES;
				CLANG_WARN_INFINITE_RECURSION = YES;
				CLANG_WARN_INT_CONVERSION = YES;
				CLANG_WARN_NON_LITERAL_NULL_CONVERSION = YES;
				CLANG_WARN_OBJC_IMPLICIT_RETAIN_SELF = YES;
				CLANG_WARN_OBJC_LITERAL_CONVERSION = YES;
				CLANG_WARN_OBJC_ROOT_CLASS = YES_ERROR;
				CLANG_WARN_QUOTED_INCLUDE_IN_FRAMEWORK_HEADER = YES;
				CLANG_WARN_RANGE_LOOP_ANALYSIS = YES;
				CLANG_WARN_STRICT_PROTOTYPES = YES;
				CLANG_WARN_SUSPICIOUS_MOVE = YES;
				CLANG_WARN_UNGUARDED_AVAILABILITY = YES_AGGRESSIVE;
				CLANG_WARN_UNREACHABLE_CODE = YES;
				CLANG_WARN__DUPLICATE_METHOD_MATCH = YES;
				COPY_PHASE_STRIP = NO;
				DEBUG_INFORMATION_FORMAT = "dwarf-with-dsym";
				DEVELOPMENT_TEAM = H2C4R2VE3A;
				ENABLE_NS_ASSERTIONS = NO;
				ENABLE_STRICT_OBJC_MSGSEND = YES;
				ENABLE_USER_SCRIPT_SANDBOXING = YES;
				GCC_C_LANGUAGE_STANDARD = gnu17;
				GCC_NO_COMMON_BLOCKS = YES;
				GCC_WARN_64_TO_32_BIT_CONVERSION = YES;
				GCC_WARN_ABOUT_RETURN_TYPE = YES_ERROR;
				GCC_WARN_UNDECLARED_SELECTOR = YES;
				GCC_WARN_UNINITIALIZED_AUTOS = YES_AGGRESSIVE;
				GCC_WARN_UNUSED_FUNCTION = YES;
				GCC_WARN_UNUSED_VARIABLE = YES;
				IPHONEOS_DEPLOYMENT_TARGET = 18.5;
				LOCALIZATION_PREFERS_STRING_CATALOGS = YES;
				MTL_ENABLE_DEBUG_INFO = NO;
				MTL_FAST_MATH = YES;
				SDKROOT = iphoneos;
				SWIFT_COMPILATION_MODE = wholemodule;
				VALIDATE_PRODUCT = YES;
			};
			name = Release;
		};
		9EE008562DFAAF5800B90540 /* Debug */ = {
			isa = XCBuildConfiguration;
			buildSettings = {
				ASSETCATALOG_COMPILER_APPICON_NAME = AppIcon;
				ASSETCATALOG_COMPILER_GLOBAL_ACCENT_COLOR_NAME = AccentColor;
				CODE_SIGN_STYLE = Automatic;
				CURRENT_PROJECT_VERSION = 1;
				DEVELOPMENT_TEAM = H2C4R2VE3A;
				ENABLE_PREVIEWS = YES;
				GENERATE_INFOPLIST_FILE = YES;
				INFOPLIST_KEY_UIApplicationSceneManifest_Generation = YES;
				INFOPLIST_KEY_UIApplicationSupportsIndirectInputEvents = YES;
				INFOPLIST_KEY_UILaunchScreen_Generation = YES;
				INFOPLIST_KEY_UISupportedInterfaceOrientations_iPad = "UIInterfaceOrientationPortrait UIInterfaceOrientationPortraitUpsideDown UIInterfaceOrientationLandscapeLeft UIInterfaceOrientationLandscapeRight";
				INFOPLIST_KEY_UISupportedInterfaceOrientations_iPhone = "UIInterfaceOrientationPortrait UIInterfaceOrientationLandscapeLeft UIInterfaceOrientationLandscapeRight";
				IPHONEOS_DEPLOYMENT_TARGET = 16.6;
				LD_RUNPATH_SEARCH_PATHS = (
					"$(inherited)",
					"@executable_path/Frameworks",
				);
				MARKETING_VERSION = 1.0;
				PRODUCT_BUNDLE_IDENTIFIER = com.GroceryApp.GroceryApp;
				PRODUCT_NAME = "$(TARGET_NAME)";
				SWIFT_EMIT_LOC_STRINGS = YES;
				SWIFT_VERSION = 5.0;
				TARGETED_DEVICE_FAMILY = "1,2";
			};
			name = Debug;
		};
		9EE008572DFAAF5800B90540 /* Release */ = {
			isa = XCBuildConfiguration;
			buildSettings = {
				ASSETCATALOG_COMPILER_APPICON_NAME = AppIcon;
				ASSETCATALOG_COMPILER_GLOBAL_ACCENT_COLOR_NAME = AccentColor;
				CODE_SIGN_STYLE = Automatic;
				CURRENT_PROJECT_VERSION = 1;
				DEVELOPMENT_TEAM = H2C4R2VE3A;
				ENABLE_PREVIEWS = YES;
				GENERATE_INFOPLIST_FILE = YES;
				INFOPLIST_KEY_UIApplicationSceneManifest_Generation = YES;
				INFOPLIST_KEY_UIApplicationSupportsIndirectInputEvents = YES;
				INFOPLIST_KEY_UILaunchScreen_Generation = YES;
				INFOPLIST_KEY_UISupportedInterfaceOrientations_iPad = "UIInterfaceOrientationPortrait UIInterfaceOrientationPortraitUpsideDown UIInterfaceOrientationLandscapeLeft UIInterfaceOrientationLandscapeRight";
				INFOPLIST_KEY_UISupportedInterfaceOrientations_iPhone = "UIInterfaceOrientationPortrait UIInterfaceOrientationLandscapeLeft UIInterfaceOrientationLandscapeRight";
				IPHONEOS_DEPLOYMENT_TARGET = 16.6;
				LD_RUNPATH_SEARCH_PATHS = (
					"$(inherited)",
					"@executable_path/Frameworks",
				);
				MARKETING_VERSION = 1.0;
				PRODUCT_BUNDLE_IDENTIFIER = com.GroceryApp.GroceryApp;
				PRODUCT_NAME = "$(TARGET_NAME)";
				SWIFT_EMIT_LOC_STRINGS = YES;
				SWIFT_VERSION = 5.0;
				TARGETED_DEVICE_FAMILY = "1,2";
			};
			name = Release;
		};
		9EE008592DFAAF5800B90540 /* Debug */ = {
			isa = XCBuildConfiguration;
			buildSettings = {
				BUNDLE_LOADER = "$(TEST_HOST)";
				CODE_SIGN_STYLE = Automatic;
				CURRENT_PROJECT_VERSION = 1;
				DEVELOPMENT_TEAM = H2C4R2VE3A;
				GENERATE_INFOPLIST_FILE = YES;
				IPHONEOS_DEPLOYMENT_TARGET = 18.5;
				MARKETING_VERSION = 1.0;
				PRODUCT_BUNDLE_IDENTIFIER = com.GroceryApp.GroceryAppTests;
				PRODUCT_NAME = "$(TARGET_NAME)";
				SWIFT_EMIT_LOC_STRINGS = NO;
				SWIFT_VERSION = 5.0;
				TARGETED_DEVICE_FAMILY = "1,2";
				TEST_HOST = "$(BUILT_PRODUCTS_DIR)/GroceryApp.app/$(BUNDLE_EXECUTABLE_FOLDER_PATH)/GroceryApp";
			};
			name = Debug;
		};
		9EE0085A2DFAAF5800B90540 /* Release */ = {
			isa = XCBuildConfiguration;
			buildSettings = {
				BUNDLE_LOADER = "$(TEST_HOST)";
				CODE_SIGN_STYLE = Automatic;
				CURRENT_PROJECT_VERSION = 1;
				DEVELOPMENT_TEAM = H2C4R2VE3A;
				GENERATE_INFOPLIST_FILE = YES;
				IPHONEOS_DEPLOYMENT_TARGET = 18.5;
				MARKETING_VERSION = 1.0;
				PRODUCT_BUNDLE_IDENTIFIER = com.GroceryApp.GroceryAppTests;
				PRODUCT_NAME = "$(TARGET_NAME)";
				SWIFT_EMIT_LOC_STRINGS = NO;
				SWIFT_VERSION = 5.0;
				TARGETED_DEVICE_FAMILY = "1,2";
				TEST_HOST = "$(BUILT_PRODUCTS_DIR)/GroceryApp.app/$(BUNDLE_EXECUTABLE_FOLDER_PATH)/GroceryApp";
			};
			name = Release;
		};
		9EE0085C2DFAAF5800B90540 /* Debug */ = {
			isa = XCBuildConfiguration;
			buildSettings = {
				CODE_SIGN_STYLE = Automatic;
				CURRENT_PROJECT_VERSION = 1;
				DEVELOPMENT_TEAM = H2C4R2VE3A;
				GENERATE_INFOPLIST_FILE = YES;
				MARKETING_VERSION = 1.0;
				PRODUCT_BUNDLE_IDENTIFIER = com.GroceryApp.GroceryAppUITests;
				PRODUCT_NAME = "$(TARGET_NAME)";
				SWIFT_EMIT_LOC_STRINGS = NO;
				SWIFT_VERSION = 5.0;
				TARGETED_DEVICE_FAMILY = "1,2";
				TEST_TARGET_NAME = GroceryApp;
			};
			name = Debug;
		};
		9EE0085D2DFAAF5800B90540 /* Release */ = {
			isa = XCBuildConfiguration;
			buildSettings = {
				CODE_SIGN_STYLE = Automatic;
				CURRENT_PROJECT_VERSION = 1;
				DEVELOPMENT_TEAM = H2C4R2VE3A;
				GENERATE_INFOPLIST_FILE = YES;
				MARKETING_VERSION = 1.0;
				PRODUCT_BUNDLE_IDENTIFIER = com.GroceryApp.GroceryAppUITests;
				PRODUCT_NAME = "$(TARGET_NAME)";
				SWIFT_EMIT_LOC_STRINGS = NO;
				SWIFT_VERSION = 5.0;
				TARGETED_DEVICE_FAMILY = "1,2";
				TEST_TARGET_NAME = GroceryApp;
			};
			name = Release;
		};
/* End XCBuildConfiguration section */

/* Begin XCConfigurationList section */
		9EE0082F2DFAAF5600B90540 /* Build configuration list for PBXProject "GroceryApp" */ = {
			isa = XCConfigurationList;
			buildConfigurations = (
				9EE008532DFAAF5800B90540 /* Debug */,
				9EE008542DFAAF5800B90540 /* Release */,
			);
			defaultConfigurationIsVisible = 0;
			defaultConfigurationName = Release;
		};
		9EE008552DFAAF5800B90540 /* Build configuration list for PBXNativeTarget "GroceryApp" */ = {
			isa = XCConfigurationList;
			buildConfigurations = (
				9EE008562DFAAF5800B90540 /* Debug */,
				9EE008572DFAAF5800B90540 /* Release */,
			);
			defaultConfigurationIsVisible = 0;
			defaultConfigurationName = Release;
		};
		9EE008582DFAAF5800B90540 /* Build configuration list for PBXNativeTarget "GroceryAppTests" */ = {
			isa = XCConfigurationList;
			buildConfigurations = (
				9EE008592DFAAF5800B90540 /* Debug */,
				9EE0085A2DFAAF5800B90540 /* Release */,
			);
			defaultConfigurationIsVisible = 0;
			defaultConfigurationName = Release;
		};
		9EE0085B2DFAAF5800B90540 /* Build configuration list for PBXNativeTarget "GroceryAppUITests" */ = {
			isa = XCConfigurationList;
			buildConfigurations = (
				9EE0085C2DFAAF5800B90540 /* Debug */,
				9EE0085D2DFAAF5800B90540 /* Release */,
			);
			defaultConfigurationIsVisible = 0;
			defaultConfigurationName = Release;
		};
/* End XCConfigurationList section */

/* Begin XCVersionGroup section */
		9EE0086E2DFAB57F00B90540 /* CoreDataModel.xcdatamodeld */ = {
			isa = XCVersionGroup;
			children = (
				9EE008722DFAB57F00B90540 /* CoreDataModel.xcdatamodel */,
			);
			currentVersion = 9EE008722DFAB57F00B90540 /* CoreDataModel.xcdatamodel */;
			path = CoreDataModel.xcdatamodeld;
			sourceTree = "<group>";
			versionGroupType = wrapper.xcdatamodel;
		};
/* End XCVersionGroup section */
	};
	rootObject = 9EE0082C2DFAAF5600B90540 /* Project object */;
}
